// !$*UTF8*$!
{
	archiveVersion = 1;
	classes = {
	};
	objectVersion = 46;
	objects = {

/* Begin PBXBuildFile section */
		9A1925331C5394D400747BCC /* main.m in Sources */ = {isa = PBXBuildFile; fileRef = 9A1925321C5394D400747BCC /* main.m */; };
		9A1925361C5394D400747BCC /* AppDelegate.m in Sources */ = {isa = PBXBuildFile; fileRef = 9A1925351C5394D400747BCC /* AppDelegate.m */; };
		9A19253E1C5394D400747BCC /* Assets.xcassets in Resources */ = {isa = PBXBuildFile; fileRef = 9A19253D1C5394D400747BCC /* Assets.xcassets */; };
		9A19254C1C5394D400747BCC /* TableEditingTestTests.m in Sources */ = {isa = PBXBuildFile; fileRef = 9A19254B1C5394D400747BCC /* TableEditingTestTests.m */; };
		9A1925571C5394D400747BCC /* TableEditingTestUITests.m in Sources */ = {isa = PBXBuildFile; fileRef = 9A1925561C5394D400747BCC /* TableEditingTestUITests.m */; };
		9A1925691C539FC700747BCC /* Student.m in Sources */ = {isa = PBXBuildFile; fileRef = 9A1925681C539FC700747BCC /* Student.m */; };
		9A19256D1C53A00D00747BCC /* Group.m in Sources */ = {isa = PBXBuildFile; fileRef = 9A19256C1C53A00D00747BCC /* Group.m */; };
		9A1E89C91C55280000767238 /* MainViewController.m in Sources */ = {isa = PBXBuildFile; fileRef = 9A1E89C81C55280000767238 /* MainViewController.m */; };
/* End PBXBuildFile section */

/* Begin PBXContainerItemProxy section */
		9A1925481C5394D400747BCC /* PBXContainerItemProxy */ = {
			isa = PBXContainerItemProxy;
			containerPortal = 9A1925261C5394D400747BCC /* Project object */;
			proxyType = 1;
			remoteGlobalIDString = 9A19252D1C5394D400747BCC;
			remoteInfo = TableEditingTest;
		};
		9A1925531C5394D400747BCC /* PBXContainerItemProxy */ = {
			isa = PBXContainerItemProxy;
			containerPortal = 9A1925261C5394D400747BCC /* Project object */;
			proxyType = 1;
			remoteGlobalIDString = 9A19252D1C5394D400747BCC;
			remoteInfo = TableEditingTest;
		};
/* End PBXContainerItemProxy section */

/* Begin PBXFileReference section */
		9A19252E1C5394D400747BCC /* TableEditingTest.app */ = {isa = PBXFileReference; explicitFileType = wrapper.application; includeInIndex = 0; path = TableEditingTest.app; sourceTree = BUILT_PRODUCTS_DIR; };
		9A1925321C5394D400747BCC /* main.m */ = {isa = PBXFileReference; lastKnownFileType = sourcecode.c.objc; path = main.m; sourceTree = "<group>"; };
		9A1925341C5394D400747BCC /* AppDelegate.h */ = {isa = PBXFileReference; lastKnownFileType = sourcecode.c.h; path = AppDelegate.h; sourceTree = "<group>"; };
		9A1925351C5394D400747BCC /* AppDelegate.m */ = {isa = PBXFileReference; lastKnownFileType = sourcecode.c.objc; path = AppDelegate.m; sourceTree = "<group>"; };
		9A19253D1C5394D400747BCC /* Assets.xcassets */ = {isa = PBXFileReference; lastKnownFileType = folder.assetcatalog; path = Assets.xcassets; sourceTree = "<group>"; };
		9A1925421C5394D400747BCC /* Info.plist */ = {isa = PBXFileReference; lastKnownFileType = text.plist.xml; path = Info.plist; sourceTree = "<group>"; };
		9A1925471C5394D400747BCC /* TableEditingTestTests.xctest */ = {isa = PBXFileReference; explicitFileType = wrapper.cfbundle; includeInIndex = 0; path = TableEditingTestTests.xctest; sourceTree = BUILT_PRODUCTS_DIR; };
		9A19254B1C5394D400747BCC /* TableEditingTestTests.m */ = {isa = PBXFileReference; lastKnownFileType = sourcecode.c.objc; path = TableEditingTestTests.m; sourceTree = "<group>"; };
		9A19254D1C5394D400747BCC /* Info.plist */ = {isa = PBXFileReference; lastKnownFileType = text.plist.xml; path = Info.plist; sourceTree = "<group>"; };
		9A1925521C5394D400747BCC /* TableEditingTestUITests.xctest */ = {isa = PBXFileReference; explicitFileType = wrapper.cfbundle; includeInIndex = 0; path = TableEditingTestUITests.xctest; sourceTree = BUILT_PRODUCTS_DIR; };
		9A1925561C5394D400747BCC /* TableEditingTestUITests.m */ = {isa = PBXFileReference; lastKnownFileType = sourcecode.c.objc; path = TableEditingTestUITests.m; sourceTree = "<group>"; };
		9A1925581C5394D400747BCC /* Info.plist */ = {isa = PBXFileReference; lastKnownFileType = text.plist.xml; path = Info.plist; sourceTree = "<group>"; };
		9A1925671C539FC700747BCC /* Student.h */ = {isa = PBXFileReference; fileEncoding = 4; lastKnownFileType = sourcecode.c.h; path = Student.h; sourceTree = "<group>"; };
		9A1925681C539FC700747BCC /* Student.m */ = {isa = PBXFileReference; fileEncoding = 4; lastKnownFileType = sourcecode.c.objc; path = Student.m; sourceTree = "<group>"; };
		9A19256B1C53A00D00747BCC /* Group.h */ = {isa = PBXFileReference; fileEncoding = 4; lastKnownFileType = sourcecode.c.h; path = Group.h; sourceTree = "<group>"; };
		9A19256C1C53A00D00747BCC /* Group.m */ = {isa = PBXFileReference; fileEncoding = 4; lastKnownFileType = sourcecode.c.objc; path = Group.m; sourceTree = "<group>"; };
		9A1E89C71C55280000767238 /* MainViewController.h */ = {isa = PBXFileReference; fileEncoding = 4; lastKnownFileType = sourcecode.c.h; path = MainViewController.h; sourceTree = "<group>"; };
		9A1E89C81C55280000767238 /* MainViewController.m */ = {isa = PBXFileReference; fileEncoding = 4; lastKnownFileType = sourcecode.c.objc; path = MainViewController.m; sourceTree = "<group>"; };
/* End PBXFileReference section */

/* Begin PBXFrameworksBuildPhase section */
		9A19252B1C5394D400747BCC /* Frameworks */ = {
			isa = PBXFrameworksBuildPhase;
			buildActionMask = 2147483647;
			files = (
			);
			runOnlyForDeploymentPostprocessing = 0;
		};
		9A1925441C5394D400747BCC /* Frameworks */ = {
			isa = PBXFrameworksBuildPhase;
			buildActionMask = 2147483647;
			files = (
			);
			runOnlyForDeploymentPostprocessing = 0;
		};
		9A19254F1C5394D400747BCC /* Frameworks */ = {
			isa = PBXFrameworksBuildPhase;
			buildActionMask = 2147483647;
			files = (
			);
			runOnlyForDeploymentPostprocessing = 0;
		};
/* End PBXFrameworksBuildPhase section */

/* Begin PBXGroup section */
		9A1925251C5394D400747BCC = {
			isa = PBXGroup;
			children = (
				9A1925301C5394D400747BCC /* TableEditingTest */,
				9A19254A1C5394D400747BCC /* TableEditingTestTests */,
				9A1925551C5394D400747BCC /* TableEditingTestUITests */,
				9A19252F1C5394D400747BCC /* Products */,
			);
			sourceTree = "<group>";
		};
		9A19252F1C5394D400747BCC /* Products */ = {
			isa = PBXGroup;
			children = (
				9A19252E1C5394D400747BCC /* TableEditingTest.app */,
				9A1925471C5394D400747BCC /* TableEditingTestTests.xctest */,
				9A1925521C5394D400747BCC /* TableEditingTestUITests.xctest */,
			);
			name = Products;
			sourceTree = "<group>";
		};
		9A1925301C5394D400747BCC /* TableEditingTest */ = {
			isa = PBXGroup;
			children = (
				9A19256A1C539FDE00747BCC /* Models */,
				9A1E89C71C55280000767238 /* MainViewController.h */,
				9A1E89C81C55280000767238 /* MainViewController.m */,
				9A1925341C5394D400747BCC /* AppDelegate.h */,
				9A1925351C5394D400747BCC /* AppDelegate.m */,
				9A19253D1C5394D400747BCC /* Assets.xcassets */,
				9A1925421C5394D400747BCC /* Info.plist */,
				9A1925311C5394D400747BCC /* Supporting Files */,
			);
			path = TableEditingTest;
			sourceTree = "<group>";
		};
		9A1925311C5394D400747BCC /* Supporting Files */ = {
			isa = PBXGroup;
			children = (
				9A1925321C5394D400747BCC /* main.m */,
			);
			name = "Supporting Files";
			sourceTree = "<group>";
		};
		9A19254A1C5394D400747BCC /* TableEditingTestTests */ = {
			isa = PBXGroup;
			children = (
				9A19254B1C5394D400747BCC /* TableEditingTestTests.m */,
				9A19254D1C5394D400747BCC /* Info.plist */,
			);
			path = TableEditingTestTests;
			sourceTree = "<group>";
		};
		9A1925551C5394D400747BCC /* TableEditingTestUITests */ = {
			isa = PBXGroup;
			children = (
				9A1925561C5394D400747BCC /* TableEditingTestUITests.m */,
				9A1925581C5394D400747BCC /* Info.plist */,
			);
			path = TableEditingTestUITests;
			sourceTree = "<group>";
		};
		9A19256A1C539FDE00747BCC /* Models */ = {
			isa = PBXGroup;
			children = (
				9A1925671C539FC700747BCC /* Student.h */,
				9A1925681C539FC700747BCC /* Student.m */,
				9A19256B1C53A00D00747BCC /* Group.h */,
				9A19256C1C53A00D00747BCC /* Group.m */,
			);
			name = Models;
			sourceTree = "<group>";
		};
/* End PBXGroup section */

/* Begin PBXNativeTarget section */
		9A19252D1C5394D400747BCC /* TableEditingTest */ = {
			isa = PBXNativeTarget;
			buildConfigurationList = 9A19255B1C5394D400747BCC /* Build configuration list for PBXNativeTarget "TableEditingTest" */;
			buildPhases = (
				9A19252A1C5394D400747BCC /* Sources */,
				9A19252B1C5394D400747BCC /* Frameworks */,
				9A19252C1C5394D400747BCC /* Resources */,
			);
			buildRules = (
			);
			dependencies = (
			);
			name = TableEditingTest;
			productName = TableEditingTest;
			productReference = 9A19252E1C5394D400747BCC /* TableEditingTest.app */;
			productType = "com.apple.product-type.application";
		};
		9A1925461C5394D400747BCC /* TableEditingTestTests */ = {
			isa = PBXNativeTarget;
			buildConfigurationList = 9A19255E1C5394D400747BCC /* Build configuration list for PBXNativeTarget "TableEditingTestTests" */;
			buildPhases = (
				9A1925431C5394D400747BCC /* Sources */,
				9A1925441C5394D400747BCC /* Frameworks */,
				9A1925451C5394D400747BCC /* Resources */,
			);
			buildRules = (
			);
			dependencies = (
				9A1925491C5394D400747BCC /* PBXTargetDependency */,
			);
			name = TableEditingTestTests;
			productName = TableEditingTestTests;
			productReference = 9A1925471C5394D400747BCC /* TableEditingTestTests.xctest */;
			productType = "com.apple.product-type.bundle.unit-test";
		};
		9A1925511C5394D400747BCC /* TableEditingTestUITests */ = {
			isa = PBXNativeTarget;
			buildConfigurationList = 9A1925611C5394D400747BCC /* Build configuration list for PBXNativeTarget "TableEditingTestUITests" */;
			buildPhases = (
				9A19254E1C5394D400747BCC /* Sources */,
				9A19254F1C5394D400747BCC /* Frameworks */,
				9A1925501C5394D400747BCC /* Resources */,
			);
			buildRules = (
			);
			dependencies = (
				9A1925541C5394D400747BCC /* PBXTargetDependency */,
			);
			name = TableEditingTestUITests;
			productName = TableEditingTestUITests;
			productReference = 9A1925521C5394D400747BCC /* TableEditingTestUITests.xctest */;
			productType = "com.apple.product-type.bundle.ui-testing";
		};
/* End PBXNativeTarget section */

/* Begin PBXProject section */
		9A1925261C5394D400747BCC /* Project object */ = {
			isa = PBXProject;
			attributes = {
				LastUpgradeCheck = 0720;
				ORGANIZATIONNAME = "Nikolay Berlioz";
				TargetAttributes = {
					9A19252D1C5394D400747BCC = {
						CreatedOnToolsVersion = 7.2;
					};
					9A1925461C5394D400747BCC = {
						CreatedOnToolsVersion = 7.2;
						TestTargetID = 9A19252D1C5394D400747BCC;
					};
					9A1925511C5394D400747BCC = {
						CreatedOnToolsVersion = 7.2;
						TestTargetID = 9A19252D1C5394D400747BCC;
					};
				};
			};
			buildConfigurationList = 9A1925291C5394D400747BCC /* Build configuration list for PBXProject "TableEditingTest" */;
			compatibilityVersion = "Xcode 3.2";
			developmentRegion = English;
			hasScannedForEncodings = 0;
			knownRegions = (
				en,
				Base,
			);
			mainGroup = 9A1925251C5394D400747BCC;
			productRefGroup = 9A19252F1C5394D400747BCC /* Products */;
			projectDirPath = "";
			projectRoot = "";
			targets = (
				9A19252D1C5394D400747BCC /* TableEditingTest */,
				9A1925461C5394D400747BCC /* TableEditingTestTests */,
				9A1925511C5394D400747BCC /* TableEditingTestUITests */,
			);
		};
/* End PBXProject section */

/* Begin PBXResourcesBuildPhase section */
		9A19252C1C5394D400747BCC /* Resources */ = {
			isa = PBXResourcesBuildPhase;
			buildActionMask = 2147483647;
			files = (
				9A19253E1C5394D400747BCC /* Assets.xcassets in Resources */,
			);
			runOnlyForDeploymentPostprocessing = 0;
		};
		9A1925451C5394D400747BCC /* Resources */ = {
			isa = PBXResourcesBuildPhase;
			buildActionMask = 2147483647;
			files = (
			);
			runOnlyForDeploymentPostprocessing = 0;
		};
		9A1925501C5394D400747BCC /* Resources */ = {
			isa = PBXResourcesBuildPhase;
			buildActionMask = 2147483647;
			files = (
			);
			runOnlyForDeploymentPostprocessing = 0;
		};
/* End PBXResourcesBuildPhase section */

/* Begin PBXSourcesBuildPhase section */
		9A19252A1C5394D400747BCC /* Sources */ = {
			isa = PBXSourcesBuildPhase;
			buildActionMask = 2147483647;
			files = (
				9A1E89C91C55280000767238 /* MainViewController.m in Sources */,
				9A1925361C5394D400747BCC /* AppDelegate.m in Sources */,
				9A19256D1C53A00D00747BCC /* Group.m in Sources */,
				9A1925331C5394D400747BCC /* main.m in Sources */,
				9A1925691C539FC700747BCC /* Student.m in Sources */,
			);
			runOnlyForDeploymentPostprocessing = 0;
		};
		9A1925431C5394D400747BCC /* Sources */ = {
			isa = PBXSourcesBuildPhase;
			buildActionMask = 2147483647;
			files = (
				9A19254C1C5394D400747BCC /* TableEditingTestTests.m in Sources */,
			);
			runOnlyForDeploymentPostprocessing = 0;
		};
		9A19254E1C5394D400747BCC /* Sources */ = {
			isa = PBXSourcesBuildPhase;
			buildActionMask = 2147483647;
			files = (
				9A1925571C5394D400747BCC /* TableEditingTestUITests.m in Sources */,
			);
			runOnlyForDeploymentPostprocessing = 0;
		};
/* End PBXSourcesBuildPhase section */

/* Begin PBXTargetDependency section */
		9A1925491C5394D400747BCC /* PBXTargetDependency */ = {
			isa = PBXTargetDependency;
			target = 9A19252D1C5394D400747BCC /* TableEditingTest */;
			targetProxy = 9A1925481C5394D400747BCC /* PBXContainerItemProxy */;
		};
		9A1925541C5394D400747BCC /* PBXTargetDependency */ = {
			isa = PBXTargetDependency;
			target = 9A19252D1C5394D400747BCC /* TableEditingTest */;
			targetProxy = 9A1925531C5394D400747BCC /* PBXContainerItemProxy */;
		};
/* End PBXTargetDependency section */

/* Begin XCBuildConfiguration section */
		9A1925591C5394D400747BCC /* Debug */ = {
			isa = XCBuildConfiguration;
			buildSettings = {
				ALWAYS_SEARCH_USER_PATHS = NO;
				CLANG_CXX_LANGUAGE_STANDARD = "gnu++0x";
				CLANG_CXX_LIBRARY = "libc++";
				CLANG_ENABLE_MODULES = YES;
				CLANG_ENABLE_OBJC_ARC = YES;
				CLANG_WARN_BOOL_CONVERSION = YES;
				CLANG_WARN_CONSTANT_CONVERSION = YES;
				CLANG_WARN_DIRECT_OBJC_ISA_USAGE = YES_ERROR;
				CLANG_WARN_EMPTY_BODY = YES;
				CLANG_WARN_ENUM_CONVERSION = YES;
				CLANG_WARN_INT_CONVERSION = YES;
				CLANG_WARN_OBJC_ROOT_CLASS = YES_ERROR;
				CLANG_WARN_UNREACHABLE_CODE = YES;
				CLANG_WARN__DUPLICATE_METHOD_MATCH = YES;
				"CODE_SIGN_IDENTITY[sdk=iphoneos*]" = "iPhone Developer";
				COPY_PHASE_STRIP = NO;
				DEBUG_INFORMATION_FORMAT = dwarf;
				ENABLE_STRICT_OBJC_MSGSEND = YES;
				ENABLE_TESTABILITY = YES;
				GCC_C_LANGUAGE_STANDARD = gnu99;
				GCC_DYNAMIC_NO_PIC = NO;
				GCC_NO_COMMON_BLOCKS = YES;
				GCC_OPTIMIZATION_LEVEL = 0;
				GCC_PREPROCESSOR_DEFINITIONS = (
					"DEBUG=1",
					"$(inherited)",
				);
				GCC_WARN_64_TO_32_BIT_CONVERSION = YES;
				GCC_WARN_ABOUT_RETURN_TYPE = YES_ERROR;
				GCC_WARN_UNDECLARED_SELECTOR = YES;
				GCC_WARN_UNINITIALIZED_AUTOS = YES_AGGRESSIVE;
				GCC_WARN_UNUSED_FUNCTION = YES;
				GCC_WARN_UNUSED_VARIABLE = YES;
				IPHONEOS_DEPLOYMENT_TARGET = 9.2;
				MTL_ENABLE_DEBUG_INFO = YES;
				ONLY_ACTIVE_ARCH = YES;
				SDKROOT = iphoneos;
			};
			name = Debug;
		};
		9A19255A1C5394D400747BCC /* Release */ = {
			isa = XCBuildConfiguration;
			buildSettings = {
				ALWAYS_SEARCH_USER_PATHS = NO;
				CLANG_CXX_LANGUAGE_STANDARD = "gnu++0x";
				CLANG_CXX_LIBRARY = "libc++";
				CLANG_ENABLE_MODULES = YES;
				CLANG_ENABLE_OBJC_ARC = YES;
				CLANG_WARN_BOOL_CONVERSION = YES;
				CLANG_WARN_CONSTANT_CONVERSION = YES;
				CLANG_WARN_DIRECT_OBJC_ISA_USAGE = YES_ERROR;
				CLANG_WARN_EMPTY_BODY = YES;
				CLANG_WARN_ENUM_CONVERSION = YES;
				CLANG_WARN_INT_CONVERSION = YES;
				CLANG_WARN_OBJC_ROOT_CLASS = YES_ERROR;
				CLANG_WARN_UNREACHABLE_CODE = YES;
				CLANG_WARN__DUPLICATE_METHOD_MATCH = YES;
				"CODE_SIGN_IDENTITY[sdk=iphoneos*]" = "iPhone Developer";
				COPY_PHASE_STRIP = NO;
				DEBUG_INFORMATION_FORMAT = "dwarf-with-dsym";
				ENABLE_NS_ASSERTIONS = NO;
				ENABLE_STRICT_OBJC_MSGSEND = YES;
				GCC_C_LANGUAGE_STANDARD = gnu99;
				GCC_NO_COMMON_BLOCKS = YES;
				GCC_WARN_64_TO_32_BIT_CONVERSION = YES;
				GCC_WARN_ABOUT_RETURN_TYPE = YES_ERROR;
				GCC_WARN_UNDECLARED_SELECTOR = YES;
				GCC_WARN_UNINITIALIZED_AUTOS = YES_AGGRESSIVE;
				GCC_WARN_UNUSED_FUNCTION = YES;
				GCC_WARN_UNUSED_VARIABLE = YES;
				IPHONEOS_DEPLOYMENT_TARGET = 9.2;
				MTL_ENABLE_DEBUG_INFO = NO;
				SDKROOT = iphoneos;
				VALIDATE_PRODUCT = YES;
			};
			name = Release;
		};
		9A19255C1C5394D400747BCC /* Debug */ = {
			isa = XCBuildConfiguration;
			buildSettings = {
				ASSETCATALOG_COMPILER_APPICON_NAME = AppIcon;
				INFOPLIST_FILE = TableEditingTest/Info.plist;
				LD_RUNPATH_SEARCH_PATHS = "$(inherited) @executable_path/Frameworks";
				PRODUCT_BUNDLE_IDENTIFIER = "Devil-Academy.TableEditingTest";
				PRODUCT_NAME = "$(TARGET_NAME)";
			};
			name = Debug;
		};
		9A19255D1C5394D400747BCC /* Release */ = {
			isa = XCBuildConfiguration;
			buildSettings = {
				ASSETCATALOG_COMPILER_APPICON_NAME = AppIcon;
				INFOPLIST_FILE = TableEditingTest/Info.plist;
				LD_RUNPATH_SEARCH_PATHS = "$(inherited) @executable_path/Frameworks";
				PRODUCT_BUNDLE_IDENTIFIER = "Devil-Academy.TableEditingTest";
				PRODUCT_NAME = "$(TARGET_NAME)";
			};
			name = Release;
		};
		9A19255F1C5394D400747BCC /* Debug */ = {
			isa = XCBuildConfiguration;
			buildSettings = {
				BUNDLE_LOADER = "$(TEST_HOST)";
				INFOPLIST_FILE = TableEditingTestTests/Info.plist;
				LD_RUNPATH_SEARCH_PATHS = "$(inherited) @executable_path/Frameworks @loader_path/Frameworks";
				PRODUCT_BUNDLE_IDENTIFIER = "Devil-Academy.TableEditingTestTests";
				PRODUCT_NAME = "$(TARGET_NAME)";
				TEST_HOST = "$(BUILT_PRODUCTS_DIR)/TableEditingTest.app/TableEditingTest";
			};
			name = Debug;
		};
		9A1925601C5394D400747BCC /* Release */ = {
			isa = XCBuildConfiguration;
			buildSettings = {
				BUNDLE_LOADER = "$(TEST_HOST)";
				INFOPLIST_FILE = TableEditingTestTests/Info.plist;
				LD_RUNPATH_SEARCH_PATHS = "$(inherited) @executable_path/Frameworks @loader_path/Frameworks";
				PRODUCT_BUNDLE_IDENTIFIER = "Devil-Academy.TableEditingTestTests";
				PRODUCT_NAME = "$(TARGET_NAME)";
				TEST_HOST = "$(BUILT_PRODUCTS_DIR)/TableEditingTest.app/TableEditingTest";
			};
			name = Release;
		};
		9A1925621C5394D400747BCC /* Debug */ = {
			isa = XCBuildConfiguration;
			buildSettings = {
				INFOPLIST_FILE = TableEditingTestUITests/Info.plist;
				LD_RUNPATH_SEARCH_PATHS = "$(inherited) @executable_path/Frameworks @loader_path/Frameworks";
				PRODUCT_BUNDLE_IDENTIFIER = "Devil-Academy.TableEditingTestUITests";
				PRODUCT_NAME = "$(TARGET_NAME)";
				TEST_TARGET_NAME = TableEditingTest;
				USES_XCTRUNNER = YES;
			};
			name = Debug;
		};
		9A1925631C5394D400747BCC /* Release */ = {
			isa = XCBuildConfiguration;
			buildSettings = {
				INFOPLIST_FILE = TableEditingTestUITests/Info.plist;
				LD_RUNPATH_SEARCH_PATHS = "$(inherited) @executable_path/Frameworks @loader_path/Frameworks";
				PRODUCT_BUNDLE_IDENTIFIER = "Devil-Academy.TableEditingTestUITests";
				PRODUCT_NAME = "$(TARGET_NAME)";
				TEST_TARGET_NAME = TableEditingTest;
				USES_XCTRUNNER = YES;
			};
			name = Release;
		};
/* End XCBuildConfiguration section */

/* Begin XCConfigurationList section */
		9A1925291C5394D400747BCC /* Build configuration list for PBXProject "TableEditingTest" */ = {
			isa = XCConfigurationList;
			buildConfigurations = (
				9A1925591C5394D400747BCC /* Debug */,
				9A19255A1C5394D400747BCC /* Release */,
			);
			defaultConfigurationIsVisible = 0;
			defaultConfigurationName = Release;
		};
		9A19255B1C5394D400747BCC /* Build configuration list for PBXNativeTarget "TableEditingTest" */ = {
			isa = XCConfigurationList;
			buildConfigurations = (
				9A19255C1C5394D400747BCC /* Debug */,
				9A19255D1C5394D400747BCC /* Release */,
			);
			defaultConfigurationIsVisible = 0;
			defaultConfigurationName = Release;
		};
		9A19255E1C5394D400747BCC /* Build configuration list for PBXNativeTarget "TableEditingTestTests" */ = {
			isa = XCConfigurationList;
			buildConfigurations = (
				9A19255F1C5394D400747BCC /* Debug */,
				9A1925601C5394D400747BCC /* Release */,
			);
			defaultConfigurationIsVisible = 0;
			defaultConfigurationName = Release;
		};
		9A1925611C5394D400747BCC /* Build configuration list for PBXNativeTarget "TableEditingTestUITests" */ = {
			isa = XCConfigurationList;
			buildConfigurations = (
				9A1925621C5394D400747BCC /* Debug */,
				9A1925631C5394D400747BCC /* Release */,
			);
			defaultConfigurationIsVisible = 0;
			defaultConfigurationName = Release;
		};
/* End XCConfigurationList section */
	};
	rootObject = 9A1925261C5394D400747BCC /* Project object */;
}
